
Microsoft Visual Studio Solution File, Format Version 12.00
# Visual Studio Version 17
VisualStudioVersion = 17.8.34511.84
MinimumVisualStudioVersion = 10.0.40219.1
Project("{9A19103F-16F7-4668-BE54-9A1E7A4F7556}") = "ShoppingApp.API", "ShoppingApp.API\ShoppingApp.API.csproj", "{3FA7472E-F261-4C59-B991-78F1FBE1DEA7}"
EndProject
Project("{9A19103F-16F7-4668-BE54-9A1E7A4F7556}") = "ShoppingApp", "ShoppingApp\ShoppingApp.csproj", "{36E23390-41AE-4FD0-A35D-5CD45117BCBE}"
EndProject
Project("{FAE04EC0-301F-11D3-BF4B-00C04F79EFBC}") = "ShoppingApp.DataAccess", "ShoppingApp.DataAccess\ShoppingApp.DataAccess.csproj", "{D854E1CC-8E21-413D-A8BF-BA65BFBDB63B}"
EndProject
Project("{FAE04EC0-301F-11D3-BF4B-00C04F79EFBC}") = "ShoppingApp.Models", "ShoppingApp.Models\ShoppingApp.Models.csproj", "{E24CA74C-A439-445D-931F-210637B29DA8}"
EndProject
Project("{FAE04EC0-301F-11D3-BF4B-00C04F79EFBC}") = "ShoppingApp.Utility", "ShoppingApp.Utility\ShoppingApp.Utility.csproj", "{D4CB98C6-4BD1-44BF-AF20-FD134208DA25}"
EndProject
Global
	GlobalSection(SolutionConfigurationPlatforms) = preSolution
		Debug|Any CPU = Debug|Any CPU
		Release|Any CPU = Release|Any CPU
	EndGlobalSection
	GlobalSection(ProjectConfigurationPlatforms) = postSolution
		{3FA7472E-F261-4C59-B991-78F1FBE1DEA7}.Debug|Any CPU.ActiveCfg = Debug|Any CPU
		{3FA7472E-F261-4C59-B991-78F1FBE1DEA7}.Debug|Any CPU.Build.0 = Debug|Any CPU
		{3FA7472E-F261-4C59-B991-78F1FBE1DEA7}.Release|Any CPU.ActiveCfg = Release|Any CPU
		{3FA7472E-F261-4C59-B991-78F1FBE1DEA7}.Release|Any CPU.Build.0 = Release|Any CPU
		{36E23390-41AE-4FD0-A35D-5CD45117BCBE}.Debug|Any CPU.ActiveCfg = Debug|Any CPU
		{36E23390-41AE-4FD0-A35D-5CD45117BCBE}.Debug|Any CPU.Build.0 = Debug|Any CPU
		{36E23390-41AE-4FD0-A35D-5CD45117BCBE}.Release|Any CPU.ActiveCfg = Release|Any CPU
		{36E23390-41AE-4FD0-A35D-5CD45117BCBE}.Release|Any CPU.Build.0 = Release|Any CPU
		{D854E1CC-8E21-413D-A8BF-BA65BFBDB63B}.Debug|Any CPU.ActiveCfg = Debug|Any CPU
		{D854E1CC-8E21-413D-A8BF-BA65BFBDB63B}.Debug|Any CPU.Build.0 = Debug|Any CPU
		{D854E1CC-8E21-413D-A8BF-BA65BFBDB63B}.Release|Any CPU.ActiveCfg = Release|Any CPU
		{D854E1CC-8E21-413D-A8BF-BA65BFBDB63B}.Release|Any CPU.Build.0 = Release|Any CPU
		{E24CA74C-A439-445D-931F-210637B29DA8}.Debug|Any CPU.ActiveCfg = Debug|Any CPU
		{E24CA74C-A439-445D-931F-210637B29DA8}.Debug|Any CPU.Build.0 = Debug|Any CPU
		{E24CA74C-A439-445D-931F-210637B29DA8}.Release|Any CPU.ActiveCfg = Release|Any CPU
		{E24CA74C-A439-445D-931F-210637B29DA8}.Release|Any CPU.Build.0 = Release|Any CPU
		{D4CB98C6-4BD1-44BF-AF20-FD134208DA25}.Debug|Any CPU.ActiveCfg = Debug|Any CPU
		{D4CB98C6-4BD1-44BF-AF20-FD134208DA25}.Debug|Any CPU.Build.0 = Debug|Any CPU
		{D4CB98C6-4BD1-44BF-AF20-FD134208DA25}.Release|Any CPU.ActiveCfg = Release|Any CPU
		{D4CB98C6-4BD1-44BF-AF20-FD134208DA25}.Release|Any CPU.Build.0 = Release|Any CPU
	EndGlobalSection
	GlobalSection(SolutionProperties) = preSolution
		HideSolutionNode = FALSE
	EndGlobalSection
	GlobalSection(ExtensibilityGlobals) = postSolution
		SolutionGuid = {24A63711-0B6E-4D90-AE3D-98AC71F1C965}
	EndGlobalSection
EndGlobal
